
Microsoft Visual Studio Solution File, Format Version 12.00
# Visual Studio Version 16
VisualStudioVersion = 16.0.32901.82
MinimumVisualStudioVersion = 10.0.40219.1
Project("{FAE04EC0-301F-11D3-BF4B-00C04F79EFBC}") = "PopBasedMiltechCalculation", "PopBasedMiltechCalculation\PopBasedMiltechCalculation.csproj", "{FEE033AE-C7FB-44EC-8518-452C20763930}"
EndProject
Global
	GlobalSection(SolutionConfigurationPlatforms) = preSolution
		Debug|Any CPU = Debug|Any CPU
		Release|Any CPU = Release|Any CPU
	EndGlobalSection
	GlobalSection(ProjectConfigurationPlatforms) = postSolution
		{FEE033AE-C7FB-44EC-8518-452C20763930}.Debug|Any CPU.ActiveCfg = Debug|Any CPU
		{FEE033AE-C7FB-44EC-8518-452C20763930}.Debug|Any CPU.Build.0 = Debug|Any CPU
		{FEE033AE-C7FB-44EC-8518-452C20763930}.Release|Any CPU.ActiveCfg = Release|Any CPU
		{FEE033AE-C7FB-44EC-8518-452C20763930}.Release|Any CPU.Build.0 = Release|Any CPU
	EndGlobalSection
	GlobalSection(SolutionProperties) = preSolution
		HideSolutionNode = FALSE
	EndGlobalSection
	GlobalSection(ExtensibilityGlobals) = postSolution
		SolutionGuid = {A5FFBB2B-4563-4108-8754-AAD1E7B83C15}
	EndGlobalSection
EndGlobal
